
Microsoft Visual Studio Solution File, Format Version 12.00
# Visual Studio Version 17
VisualStudioVersion = 17.13.35931.197 d17.13
MinimumVisualStudioVersion = 10.0.40219.1
Project("{FAE04EC0-301F-11D3-BF4B-00C04F79EFBC}") = "PackedFont", "PackedFont.csproj", "{76817293-C841-4575-8C84-8C3C8D349745}"
EndProject
Global
	GlobalSection(SolutionConfigurationPlatforms) = preSolution
		Debug|Any CPU = Debug|Any CPU
		Release|Any CPU = Release|Any CPU
	EndGlobalSection
	GlobalSection(ProjectConfigurationPlatforms) = postSolution
		{76817293-C841-4575-8C84-8C3C8D349745}.Debug|Any CPU.ActiveCfg = Debug|Any CPU
		{76817293-C841-4575-8C84-8C3C8D349745}.Debug|Any CPU.Build.0 = Debug|Any CPU
		{76817293-C841-4575-8C84-8C3C8D349745}.Release|Any CPU.ActiveCfg = Release|Any CPU
		{76817293-C841-4575-8C84-8C3C8D349745}.Release|Any CPU.Build.0 = Release|Any CPU
	EndGlobalSection
	GlobalSection(SolutionProperties) = preSolution
		HideSolutionNode = FALSE
	EndGlobalSection
	GlobalSection(ExtensibilityGlobals) = postSolution
		SolutionGuid = {ACB449D1-6091-4F8E-800C-B1836C845C85}
	EndGlobalSection
EndGlobal
